
Microsoft Visual Studio Solution File, Format Version 12.00
# Visual Studio 14
VisualStudioVersion = 14.0.25420.1
MinimumVisualStudioVersion = 10.0.40219.1
Project("{FAE04EC0-301F-11D3-BF4B-00C04F79EFBC}") = "WcfService", "WcfService\WcfService.csproj", "{DDA30A80-6FE9-4D28-93D9-CDB07C8F37F6}"
EndProject
Project("{FAE04EC0-301F-11D3-BF4B-00C04F79EFBC}") = "ConsoleApplication", "ConsoleApplication\ConsoleApplication.csproj", "{C5F3BD7C-0C59-4190-8BCF-AAC630762191}"
	ProjectSection(ProjectDependencies) = postProject
		{DDA30A80-6FE9-4D28-93D9-CDB07C8F37F6} = {DDA30A80-6FE9-4D28-93D9-CDB07C8F37F6}
	EndProjectSection
EndProject
Global
	GlobalSection(SolutionConfigurationPlatforms) = preSolution
		Debug|Any CPU = Debug|Any CPU
		Release|Any CPU = Release|Any CPU
	EndGlobalSection
	GlobalSection(ProjectConfigurationPlatforms) = postSolution
		{DDA30A80-6FE9-4D28-93D9-CDB07C8F37F6}.Debug|Any CPU.ActiveCfg = Debug|Any CPU
		{DDA30A80-6FE9-4D28-93D9-CDB07C8F37F6}.Debug|Any CPU.Build.0 = Debug|Any CPU
		{DDA30A80-6FE9-4D28-93D9-CDB07C8F37F6}.Release|Any CPU.ActiveCfg = Release|Any CPU
		{DDA30A80-6FE9-4D28-93D9-CDB07C8F37F6}.Release|Any CPU.Build.0 = Release|Any CPU
		{C5F3BD7C-0C59-4190-8BCF-AAC630762191}.Debug|Any CPU.ActiveCfg = Debug|Any CPU
		{C5F3BD7C-0C59-4190-8BCF-AAC630762191}.Debug|Any CPU.Build.0 = Debug|Any CPU
		{C5F3BD7C-0C59-4190-8BCF-AAC630762191}.Release|Any CPU.ActiveCfg = Release|Any CPU
		{C5F3BD7C-0C59-4190-8BCF-AAC630762191}.Release|Any CPU.Build.0 = Release|Any CPU
	EndGlobalSection
	GlobalSection(SolutionProperties) = preSolution
		HideSolutionNode = FALSE
	EndGlobalSection
EndGlobal
